
Microsoft Visual Studio Solution File, Format Version 12.00
# Visual Studio Version 17
VisualStudioVersion = 17.8.34525.116
MinimumVisualStudioVersion = 10.0.40219.1
Project("{FAE04EC0-301F-11D3-BF4B-00C04F79EFBC}") = "TaskCAT", "TaskCAT\TaskCAT.csproj", "{2CB3EF6E-395B-4C1B-AFF1-047CC5129DAE}"
EndProject
Global
	GlobalSection(SolutionConfigurationPlatforms) = preSolution
		Debug|Any CPU = Debug|Any CPU
		Release|Any CPU = Release|Any CPU
	EndGlobalSection
	GlobalSection(ProjectConfigurationPlatforms) = postSolution
		{2CB3EF6E-395B-4C1B-AFF1-047CC5129DAE}.Debug|Any CPU.ActiveCfg = Debug|Any CPU
		{2CB3EF6E-395B-4C1B-AFF1-047CC5129DAE}.Debug|Any CPU.Build.0 = Debug|Any CPU
		{2CB3EF6E-395B-4C1B-AFF1-047CC5129DAE}.Release|Any CPU.ActiveCfg = Release|Any CPU
		{2CB3EF6E-395B-4C1B-AFF1-047CC5129DAE}.Release|Any CPU.Build.0 = Release|Any CPU
	EndGlobalSection
	GlobalSection(SolutionProperties) = preSolution
		HideSolutionNode = FALSE
	EndGlobalSection
	GlobalSection(ExtensibilityGlobals) = postSolution
		SolutionGuid = {778AB686-7F2A-42C2-A1B7-DD5150E0476C}
	EndGlobalSection
EndGlobal
